// !$*UTF8*$!
{
	archiveVersion = 1;
	classes = {
	};
	objectVersion = 56;
	objects = {

/* Begin PBXBuildFile section */
		104DF13F29CB0F4800D97446 /* tab.navigation.swift in Sources */ = {isa = PBXBuildFile; fileRef = 104DF13E29CB0F4800D97446 /* tab.navigation.swift */; };
		104DF14229CB481A00D97446 /* pokemon.type.swift in Sources */ = {isa = PBXBuildFile; fileRef = 104DF14129CB481A00D97446 /* pokemon.type.swift */; };
		104DF14429CB492400D97446 /* pokemon.ability.type.swift in Sources */ = {isa = PBXBuildFile; fileRef = 104DF14329CB492400D97446 /* pokemon.ability.type.swift */; };
		104DF14829CB4B1300D97446 /* api-ressource.util.type.swift in Sources */ = {isa = PBXBuildFile; fileRef = 104DF14729CB4B1300D97446 /* api-ressource.util.type.swift */; };
		104DF14A29CB4B9D00D97446 /* pokemon.form.type.swift in Sources */ = {isa = PBXBuildFile; fileRef = 104DF14929CB4B9D00D97446 /* pokemon.form.type.swift */; };
		104DF14D29CB579A00D97446 /* pokedex.view.swift in Sources */ = {isa = PBXBuildFile; fileRef = 104DF14C29CB579A00D97446 /* pokedex.view.swift */; };
		104DF15029CB57BE00D97446 /* pokedex.view.model.swift in Sources */ = {isa = PBXBuildFile; fileRef = 104DF14F29CB57BE00D97446 /* pokedex.view.model.swift */; };
		104DF15529CB5C7100D97446 /* pokedex.card.component.swift in Sources */ = {isa = PBXBuildFile; fileRef = 104DF15429CB5C7100D97446 /* pokedex.card.component.swift */; };
		104DF15829CC176B00D97446 /* card-text.component.swift in Sources */ = {isa = PBXBuildFile; fileRef = 104DF15729CC176B00D97446 /* card-text.component.swift */; };
		104DF15D29CC1ABE00D97446 /* ditto-dev.png in Resources */ = {isa = PBXBuildFile; fileRef = 104DF15C29CC1ABE00D97446 /* ditto-dev.png */; };
		107E32EC29CA07680059F22B /* pokedayApp.swift in Sources */ = {isa = PBXBuildFile; fileRef = 107E32EB29CA07680059F22B /* pokedayApp.swift */; };
		107E32F029CA076A0059F22B /* Assets.xcassets in Resources */ = {isa = PBXBuildFile; fileRef = 107E32EF29CA076A0059F22B /* Assets.xcassets */; };
		107E32F329CA076A0059F22B /* Preview Assets.xcassets in Resources */ = {isa = PBXBuildFile; fileRef = 107E32F229CA076A0059F22B /* Preview Assets.xcassets */; };
		107E32FB29CA07AA0059F22B /* client.swift in Sources */ = {isa = PBXBuildFile; fileRef = 107E32FA29CA07AA0059F22B /* client.swift */; };
		107E32FD29CA0A990059F22B /* http-client.swift in Sources */ = {isa = PBXBuildFile; fileRef = 107E32FC29CA0A990059F22B /* http-client.swift */; };
		107E330029CA1A5A0059F22B /* pokemon.ressource.swift in Sources */ = {isa = PBXBuildFile; fileRef = 107E32FF29CA1A5A0059F22B /* pokemon.ressource.swift */; };
		107E330329CA1CED0059F22B /* pokemon.res.dto.swift in Sources */ = {isa = PBXBuildFile; fileRef = 107E330229CA1CED0059F22B /* pokemon.res.dto.swift */; };
		107E330A29CAAF9E0059F22B /* login.view.swift in Sources */ = {isa = PBXBuildFile; fileRef = 107E330929CAAF9E0059F22B /* login.view.swift */; };
		107E330D29CAB0380059F22B /* login.view.model.swift in Sources */ = {isa = PBXBuildFile; fileRef = 107E330C29CAB0380059F22B /* login.view.model.swift */; };
		107E330F29CAC9B10059F22B /* app.navigation.swift in Sources */ = {isa = PBXBuildFile; fileRef = 107E330E29CAC9B10059F22B /* app.navigation.swift */; };
		107E331129CACDE80059F22B /* auth.navigation.swift in Sources */ = {isa = PBXBuildFile; fileRef = 107E331029CACDE80059F22B /* auth.navigation.swift */; };
		107E331529CAD4E80059F22B /* app.state.manager.swift in Sources */ = {isa = PBXBuildFile; fileRef = 107E331429CAD4E80059F22B /* app.state.manager.swift */; };
		107E331729CAE2940059F22B /* auth.state.manager.swift in Sources */ = {isa = PBXBuildFile; fileRef = 107E331629CAE2940059F22B /* auth.state.manager.swift */; };
		107E331929CAE3890059F22B /* auth.state.swift in Sources */ = {isa = PBXBuildFile; fileRef = 107E331829CAE3890059F22B /* auth.state.swift */; };
		107E331B29CAE80F0059F22B /* state.manager.swift in Sources */ = {isa = PBXBuildFile; fileRef = 107E331A29CAE80F0059F22B /* state.manager.swift */; };
		107E332029CAEC750059F22B /* template.view-model.swift in Sources */ = {isa = PBXBuildFile; fileRef = 107E331F29CAEC750059F22B /* template.view-model.swift */; };
/* End PBXBuildFile section */

/* Begin PBXFileReference section */
		104DF13E29CB0F4800D97446 /* tab.navigation.swift */ = {isa = PBXFileReference; lastKnownFileType = sourcecode.swift; path = tab.navigation.swift; sourceTree = "<group>"; };
		104DF14129CB481A00D97446 /* pokemon.type.swift */ = {isa = PBXFileReference; lastKnownFileType = sourcecode.swift; path = pokemon.type.swift; sourceTree = "<group>"; };
		104DF14329CB492400D97446 /* pokemon.ability.type.swift */ = {isa = PBXFileReference; lastKnownFileType = sourcecode.swift; path = pokemon.ability.type.swift; sourceTree = "<group>"; };
		104DF14729CB4B1300D97446 /* api-ressource.util.type.swift */ = {isa = PBXFileReference; lastKnownFileType = sourcecode.swift; path = "api-ressource.util.type.swift"; sourceTree = "<group>"; };
		104DF14929CB4B9D00D97446 /* pokemon.form.type.swift */ = {isa = PBXFileReference; lastKnownFileType = sourcecode.swift; path = pokemon.form.type.swift; sourceTree = "<group>"; };
		104DF14C29CB579A00D97446 /* pokedex.view.swift */ = {isa = PBXFileReference; lastKnownFileType = sourcecode.swift; path = pokedex.view.swift; sourceTree = "<group>"; };
		104DF14F29CB57BE00D97446 /* pokedex.view.model.swift */ = {isa = PBXFileReference; lastKnownFileType = sourcecode.swift; path = pokedex.view.model.swift; sourceTree = "<group>"; };
		104DF15429CB5C7100D97446 /* pokedex.card.component.swift */ = {isa = PBXFileReference; lastKnownFileType = sourcecode.swift; path = pokedex.card.component.swift; sourceTree = "<group>"; };
		104DF15729CC176B00D97446 /* card-text.component.swift */ = {isa = PBXFileReference; lastKnownFileType = sourcecode.swift; path = "card-text.component.swift"; sourceTree = "<group>"; };
		104DF15C29CC1ABE00D97446 /* ditto-dev.png */ = {isa = PBXFileReference; lastKnownFileType = image.png; path = "ditto-dev.png"; sourceTree = "<group>"; };
		107E32E829CA07680059F22B /* pokeday.app */ = {isa = PBXFileReference; explicitFileType = wrapper.application; includeInIndex = 0; path = pokeday.app; sourceTree = BUILT_PRODUCTS_DIR; };
		107E32EB29CA07680059F22B /* pokedayApp.swift */ = {isa = PBXFileReference; lastKnownFileType = sourcecode.swift; path = pokedayApp.swift; sourceTree = "<group>"; };
		107E32EF29CA076A0059F22B /* Assets.xcassets */ = {isa = PBXFileReference; lastKnownFileType = folder.assetcatalog; path = Assets.xcassets; sourceTree = "<group>"; };
		107E32F229CA076A0059F22B /* Preview Assets.xcassets */ = {isa = PBXFileReference; lastKnownFileType = folder.assetcatalog; path = "Preview Assets.xcassets"; sourceTree = "<group>"; };
		107E32FA29CA07AA0059F22B /* client.swift */ = {isa = PBXFileReference; lastKnownFileType = sourcecode.swift; path = client.swift; sourceTree = "<group>"; };
		107E32FC29CA0A990059F22B /* http-client.swift */ = {isa = PBXFileReference; lastKnownFileType = sourcecode.swift; path = "http-client.swift"; sourceTree = "<group>"; };
		107E32FF29CA1A5A0059F22B /* pokemon.ressource.swift */ = {isa = PBXFileReference; lastKnownFileType = sourcecode.swift; path = pokemon.ressource.swift; sourceTree = "<group>"; };
		107E330229CA1CED0059F22B /* pokemon.res.dto.swift */ = {isa = PBXFileReference; lastKnownFileType = sourcecode.swift; path = pokemon.res.dto.swift; sourceTree = "<group>"; };
		107E330929CAAF9E0059F22B /* login.view.swift */ = {isa = PBXFileReference; lastKnownFileType = sourcecode.swift; path = login.view.swift; sourceTree = "<group>"; };
		107E330C29CAB0380059F22B /* login.view.model.swift */ = {isa = PBXFileReference; lastKnownFileType = sourcecode.swift; path = login.view.model.swift; sourceTree = "<group>"; };
		107E330E29CAC9B10059F22B /* app.navigation.swift */ = {isa = PBXFileReference; lastKnownFileType = sourcecode.swift; path = app.navigation.swift; sourceTree = "<group>"; };
		107E331029CACDE80059F22B /* auth.navigation.swift */ = {isa = PBXFileReference; lastKnownFileType = sourcecode.swift; path = auth.navigation.swift; sourceTree = "<group>"; };
		107E331429CAD4E80059F22B /* app.state.manager.swift */ = {isa = PBXFileReference; lastKnownFileType = sourcecode.swift; path = app.state.manager.swift; sourceTree = "<group>"; };
		107E331629CAE2940059F22B /* auth.state.manager.swift */ = {isa = PBXFileReference; lastKnownFileType = sourcecode.swift; path = auth.state.manager.swift; sourceTree = "<group>"; };
		107E331829CAE3890059F22B /* auth.state.swift */ = {isa = PBXFileReference; lastKnownFileType = sourcecode.swift; path = auth.state.swift; sourceTree = "<group>"; };
		107E331A29CAE80F0059F22B /* state.manager.swift */ = {isa = PBXFileReference; lastKnownFileType = sourcecode.swift; path = state.manager.swift; sourceTree = "<group>"; };
		107E331F29CAEC750059F22B /* template.view-model.swift */ = {isa = PBXFileReference; lastKnownFileType = sourcecode.swift; path = "template.view-model.swift"; sourceTree = "<group>"; };
/* End PBXFileReference section */

/* Begin PBXFrameworksBuildPhase section */
		107E32E529CA07680059F22B /* Frameworks */ = {
			isa = PBXFrameworksBuildPhase;
			buildActionMask = 2147483647;
			files = (
			);
			runOnlyForDeploymentPostprocessing = 0;
		};
/* End PBXFrameworksBuildPhase section */

/* Begin PBXGroup section */
		104DF14029CB479600D97446 /* pokemons */ = {
			isa = PBXGroup;
			children = (
				104DF14129CB481A00D97446 /* pokemon.type.swift */,
				104DF14329CB492400D97446 /* pokemon.ability.type.swift */,
				104DF14929CB4B9D00D97446 /* pokemon.form.type.swift */,
			);
			path = pokemons;
			sourceTree = "<group>";
		};
		104DF14529CB4AD100D97446 /* utils */ = {
			isa = PBXGroup;
			children = (
				104DF14629CB4AEE00D97446 /* commons */,
			);
			path = utils;
			sourceTree = "<group>";
		};
		104DF14629CB4AEE00D97446 /* commons */ = {
			isa = PBXGroup;
			children = (
				104DF14729CB4B1300D97446 /* api-ressource.util.type.swift */,
			);
			path = commons;
			sourceTree = "<group>";
		};
		104DF14B29CB565400D97446 /* pokedex */ = {
			isa = PBXGroup;
			children = (
				104DF14E29CB57AF00D97446 /* models */,
				104DF14C29CB579A00D97446 /* pokedex.view.swift */,
			);
			path = pokedex;
			sourceTree = "<group>";
		};
		104DF14E29CB57AF00D97446 /* models */ = {
			isa = PBXGroup;
			children = (
				104DF14F29CB57BE00D97446 /* pokedex.view.model.swift */,
			);
			path = models;
			sourceTree = "<group>";
		};
		104DF15129CB5C0D00D97446 /* components */ = {
			isa = PBXGroup;
			children = (
				104DF15629CC174B00D97446 /* texts */,
				104DF15329CB5C5000D97446 /* cards */,
				104DF15229CB5C1800D97446 /* buttons */,
			);
			path = components;
			sourceTree = "<group>";
		};
		104DF15229CB5C1800D97446 /* buttons */ = {
			isa = PBXGroup;
			children = (
			);
			path = buttons;
			sourceTree = "<group>";
		};
		104DF15329CB5C5000D97446 /* cards */ = {
			isa = PBXGroup;
			children = (
				104DF15429CB5C7100D97446 /* pokedex.card.component.swift */,
			);
			path = cards;
			sourceTree = "<group>";
		};
		104DF15629CC174B00D97446 /* texts */ = {
			isa = PBXGroup;
			children = (
				104DF15729CC176B00D97446 /* card-text.component.swift */,
			);
			path = texts;
			sourceTree = "<group>";
		};
		104DF15929CC1ABE00D97446 /* src */ = {
			isa = PBXGroup;
			children = (
				104DF15A29CC1ABE00D97446 /* dev */,
			);
			path = src;
			sourceTree = "<group>";
		};
		104DF15A29CC1ABE00D97446 /* dev */ = {
			isa = PBXGroup;
			children = (
				104DF15B29CC1ABE00D97446 /* assets */,
			);
			path = dev;
			sourceTree = "<group>";
		};
		104DF15B29CC1ABE00D97446 /* assets */ = {
			isa = PBXGroup;
			children = (
				104DF15C29CC1ABE00D97446 /* ditto-dev.png */,
			);
			path = assets;
			sourceTree = "<group>";
		};
		107E32DF29CA07680059F22B = {
			isa = PBXGroup;
			children = (
				107E32F929CA078F0059F22B /* pokemonSdk */,
				107E32EA29CA07680059F22B /* app */,
				107E32E929CA07680059F22B /* Products */,
			);
			sourceTree = "<group>";
		};
		107E32E929CA07680059F22B /* Products */ = {
			isa = PBXGroup;
			children = (
				107E32E829CA07680059F22B /* pokeday.app */,
			);
			name = Products;
			sourceTree = "<group>";
		};
		107E32EA29CA07680059F22B /* app */ = {
			isa = PBXGroup;
			children = (
				104DF15929CC1ABE00D97446 /* src */,
				104DF15129CB5C0D00D97446 /* components */,
				107E331E29CAEC580059F22B /* types */,
				107E331229CAD4BB0059F22B /* states */,
				107E330529CAAF3C0059F22B /* navigations */,
				107E330429CAAF1D0059F22B /* views */,
				107E32EB29CA07680059F22B /* pokedayApp.swift */,
				107E32EF29CA076A0059F22B /* Assets.xcassets */,
				107E32F129CA076A0059F22B /* Preview Content */,
			);
			path = app;
			sourceTree = "<group>";
		};
		107E32F129CA076A0059F22B /* Preview Content */ = {
			isa = PBXGroup;
			children = (
				107E32F229CA076A0059F22B /* Preview Assets.xcassets */,
			);
			path = "Preview Content";
			sourceTree = "<group>";
		};
		107E32F929CA078F0059F22B /* pokemonSdk */ = {
			isa = PBXGroup;
			children = (
				107E330129CA1CDF0059F22B /* dto */,
				107E32FE29CA1A340059F22B /* ressources */,
				107E32FA29CA07AA0059F22B /* client.swift */,
				107E32FC29CA0A990059F22B /* http-client.swift */,
			);
			path = pokemonSdk;
			sourceTree = "<group>";
		};
		107E32FE29CA1A340059F22B /* ressources */ = {
			isa = PBXGroup;
			children = (
				107E32FF29CA1A5A0059F22B /* pokemon.ressource.swift */,
			);
			path = ressources;
			sourceTree = "<group>";
		};
		107E330129CA1CDF0059F22B /* dto */ = {
			isa = PBXGroup;
			children = (
				107E330229CA1CED0059F22B /* pokemon.res.dto.swift */,
			);
			path = dto;
			sourceTree = "<group>";
		};
		107E330429CAAF1D0059F22B /* views */ = {
			isa = PBXGroup;
			children = (
				104DF14B29CB565400D97446 /* pokedex */,
				107E330629CAAF510059F22B /* auth */,
			);
			path = views;
			sourceTree = "<group>";
		};
		107E330529CAAF3C0059F22B /* navigations */ = {
			isa = PBXGroup;
			children = (
				107E330E29CAC9B10059F22B /* app.navigation.swift */,
				107E331029CACDE80059F22B /* auth.navigation.swift */,
				104DF13E29CB0F4800D97446 /* tab.navigation.swift */,
			);
			path = navigations;
			sourceTree = "<group>";
		};
		107E330629CAAF510059F22B /* auth */ = {
			isa = PBXGroup;
			children = (
				107E330829CAAF6E0059F22B /* register */,
				107E330729CAAF660059F22B /* login */,
			);
			path = auth;
			sourceTree = "<group>";
		};
		107E330729CAAF660059F22B /* login */ = {
			isa = PBXGroup;
			children = (
				107E330B29CAB0160059F22B /* models */,
				107E330929CAAF9E0059F22B /* login.view.swift */,
			);
			path = login;
			sourceTree = "<group>";
		};
		107E330829CAAF6E0059F22B /* register */ = {
			isa = PBXGroup;
			children = (
			);
			path = register;
			sourceTree = "<group>";
		};
		107E330B29CAB0160059F22B /* models */ = {
			isa = PBXGroup;
			children = (
				107E330C29CAB0380059F22B /* login.view.model.swift */,
			);
			path = models;
			sourceTree = "<group>";
		};
		107E331229CAD4BB0059F22B /* states */ = {
			isa = PBXGroup;
			children = (
				107E331329CAD4C20059F22B /* managers */,
				107E331829CAE3890059F22B /* auth.state.swift */,
			);
			path = states;
			sourceTree = "<group>";
		};
		107E331329CAD4C20059F22B /* managers */ = {
			isa = PBXGroup;
			children = (
				107E331429CAD4E80059F22B /* app.state.manager.swift */,
				107E331629CAE2940059F22B /* auth.state.manager.swift */,
				107E331A29CAE80F0059F22B /* state.manager.swift */,
			);
			path = managers;
			sourceTree = "<group>";
		};
		107E331E29CAEC580059F22B /* types */ = {
			isa = PBXGroup;
			children = (
				104DF14529CB4AD100D97446 /* utils */,
				104DF14029CB479600D97446 /* pokemons */,
				107E331F29CAEC750059F22B /* template.view-model.swift */,
			);
			path = types;
			sourceTree = "<group>";
		};
/* End PBXGroup section */

/* Begin PBXNativeTarget section */
		107E32E729CA07680059F22B /* pokeday */ = {
			isa = PBXNativeTarget;
			buildConfigurationList = 107E32F629CA076A0059F22B /* Build configuration list for PBXNativeTarget "pokeday" */;
			buildPhases = (
				107E32E429CA07680059F22B /* Sources */,
				107E32E529CA07680059F22B /* Frameworks */,
				107E32E629CA07680059F22B /* Resources */,
			);
			buildRules = (
			);
			dependencies = (
			);
			name = pokeday;
			productName = pokedex;
			productReference = 107E32E829CA07680059F22B /* pokeday.app */;
			productType = "com.apple.product-type.application";
		};
/* End PBXNativeTarget section */

/* Begin PBXProject section */
		107E32E029CA07680059F22B /* Project object */ = {
			isa = PBXProject;
			attributes = {
				BuildIndependentTargetsInParallel = 1;
				LastSwiftUpdateCheck = 1420;
				LastUpgradeCheck = 1420;
				TargetAttributes = {
					107E32E729CA07680059F22B = {
						CreatedOnToolsVersion = 14.2;
					};
				};
			};
			buildConfigurationList = 107E32E329CA07680059F22B /* Build configuration list for PBXProject "pokeday" */;
			compatibilityVersion = "Xcode 14.0";
			developmentRegion = en;
			hasScannedForEncodings = 0;
			knownRegions = (
				en,
				Base,
			);
			mainGroup = 107E32DF29CA07680059F22B;
			productRefGroup = 107E32E929CA07680059F22B /* Products */;
			projectDirPath = "";
			projectRoot = "";
			targets = (
				107E32E729CA07680059F22B /* pokeday */,
			);
		};
/* End PBXProject section */

/* Begin PBXResourcesBuildPhase section */
		107E32E629CA07680059F22B /* Resources */ = {
			isa = PBXResourcesBuildPhase;
			buildActionMask = 2147483647;
			files = (
				107E32F329CA076A0059F22B /* Preview Assets.xcassets in Resources */,
				104DF15D29CC1ABE00D97446 /* ditto-dev.png in Resources */,
				107E32F029CA076A0059F22B /* Assets.xcassets in Resources */,
			);
			runOnlyForDeploymentPostprocessing = 0;
		};
/* End PBXResourcesBuildPhase section */

/* Begin PBXSourcesBuildPhase section */
		107E32E429CA07680059F22B /* Sources */ = {
			isa = PBXSourcesBuildPhase;
			buildActionMask = 2147483647;
			files = (
				107E32FD29CA0A990059F22B /* http-client.swift in Sources */,
				107E32FB29CA07AA0059F22B /* client.swift in Sources */,
				104DF14829CB4B1300D97446 /* api-ressource.util.type.swift in Sources */,
				107E332029CAEC750059F22B /* template.view-model.swift in Sources */,
				107E331529CAD4E80059F22B /* app.state.manager.swift in Sources */,
				107E331929CAE3890059F22B /* auth.state.swift in Sources */,
				104DF15529CB5C7100D97446 /* pokedex.card.component.swift in Sources */,
				107E330D29CAB0380059F22B /* login.view.model.swift in Sources */,
				104DF15029CB57BE00D97446 /* pokedex.view.model.swift in Sources */,
				104DF15829CC176B00D97446 /* card-text.component.swift in Sources */,
				104DF14229CB481A00D97446 /* pokemon.type.swift in Sources */,
				107E331729CAE2940059F22B /* auth.state.manager.swift in Sources */,
				107E330029CA1A5A0059F22B /* pokemon.ressource.swift in Sources */,
				107E330A29CAAF9E0059F22B /* login.view.swift in Sources */,
				107E330F29CAC9B10059F22B /* app.navigation.swift in Sources */,
				107E330329CA1CED0059F22B /* pokemon.res.dto.swift in Sources */,
				107E331129CACDE80059F22B /* auth.navigation.swift in Sources */,
				104DF14D29CB579A00D97446 /* pokedex.view.swift in Sources */,
				104DF14A29CB4B9D00D97446 /* pokemon.form.type.swift in Sources */,
				107E331B29CAE80F0059F22B /* state.manager.swift in Sources */,
				104DF13F29CB0F4800D97446 /* tab.navigation.swift in Sources */,
				104DF14429CB492400D97446 /* pokemon.ability.type.swift in Sources */,
				107E32EC29CA07680059F22B /* pokedayApp.swift in Sources */,
			);
			runOnlyForDeploymentPostprocessing = 0;
		};
/* End PBXSourcesBuildPhase section */

/* Begin XCBuildConfiguration section */
		107E32F429CA076A0059F22B /* Debug */ = {
			isa = XCBuildConfiguration;
			buildSettings = {
				ALWAYS_SEARCH_USER_PATHS = NO;
				CLANG_ANALYZER_NONNULL = YES;
				CLANG_ANALYZER_NUMBER_OBJECT_CONVERSION = YES_AGGRESSIVE;
				CLANG_CXX_LANGUAGE_STANDARD = "gnu++20";
				CLANG_ENABLE_MODULES = YES;
				CLANG_ENABLE_OBJC_ARC = YES;
				CLANG_ENABLE_OBJC_WEAK = YES;
				CLANG_WARN_BLOCK_CAPTURE_AUTORELEASING = YES;
				CLANG_WARN_BOOL_CONVERSION = YES;
				CLANG_WARN_COMMA = YES;
				CLANG_WARN_CONSTANT_CONVERSION = YES;
				CLANG_WARN_DEPRECATED_OBJC_IMPLEMENTATIONS = YES;
				CLANG_WARN_DIRECT_OBJC_ISA_USAGE = YES_ERROR;
				CLANG_WARN_DOCUMENTATION_COMMENTS = YES;
				CLANG_WARN_EMPTY_BODY = YES;
				CLANG_WARN_ENUM_CONVERSION = YES;
				CLANG_WARN_INFINITE_RECURSION = YES;
				CLANG_WARN_INT_CONVERSION = YES;
				CLANG_WARN_NON_LITERAL_NULL_CONVERSION = YES;
				CLANG_WARN_OBJC_IMPLICIT_RETAIN_SELF = YES;
				CLANG_WARN_OBJC_LITERAL_CONVERSION = YES;
				CLANG_WARN_OBJC_ROOT_CLASS = YES_ERROR;
				CLANG_WARN_QUOTED_INCLUDE_IN_FRAMEWORK_HEADER = YES;
				CLANG_WARN_RANGE_LOOP_ANALYSIS = YES;
				CLANG_WARN_STRICT_PROTOTYPES = YES;
				CLANG_WARN_SUSPICIOUS_MOVE = YES;
				CLANG_WARN_UNGUARDED_AVAILABILITY = YES_AGGRESSIVE;
				CLANG_WARN_UNREACHABLE_CODE = YES;
				CLANG_WARN__DUPLICATE_METHOD_MATCH = YES;
				COPY_PHASE_STRIP = NO;
				DEBUG_INFORMATION_FORMAT = dwarf;
				ENABLE_STRICT_OBJC_MSGSEND = YES;
				ENABLE_TESTABILITY = YES;
				GCC_C_LANGUAGE_STANDARD = gnu11;
				GCC_DYNAMIC_NO_PIC = NO;
				GCC_NO_COMMON_BLOCKS = YES;
				GCC_OPTIMIZATION_LEVEL = 0;
				GCC_PREPROCESSOR_DEFINITIONS = (
					"DEBUG=1",
					"$(inherited)",
				);
				GCC_WARN_64_TO_32_BIT_CONVERSION = YES;
				GCC_WARN_ABOUT_RETURN_TYPE = YES_ERROR;
				GCC_WARN_UNDECLARED_SELECTOR = YES;
				GCC_WARN_UNINITIALIZED_AUTOS = YES_AGGRESSIVE;
				GCC_WARN_UNUSED_FUNCTION = YES;
				GCC_WARN_UNUSED_VARIABLE = YES;
				IPHONEOS_DEPLOYMENT_TARGET = 16.2;
				MTL_ENABLE_DEBUG_INFO = INCLUDE_SOURCE;
				MTL_FAST_MATH = YES;
				ONLY_ACTIVE_ARCH = YES;
				SDKROOT = iphoneos;
				SWIFT_ACTIVE_COMPILATION_CONDITIONS = DEBUG;
				SWIFT_OPTIMIZATION_LEVEL = "-Onone";
			};
			name = Debug;
		};
		107E32F529CA076A0059F22B /* Release */ = {
			isa = XCBuildConfiguration;
			buildSettings = {
				ALWAYS_SEARCH_USER_PATHS = NO;
				CLANG_ANALYZER_NONNULL = YES;
				CLANG_ANALYZER_NUMBER_OBJECT_CONVERSION = YES_AGGRESSIVE;
				CLANG_CXX_LANGUAGE_STANDARD = "gnu++20";
				CLANG_ENABLE_MODULES = YES;
				CLANG_ENABLE_OBJC_ARC = YES;
				CLANG_ENABLE_OBJC_WEAK = YES;
				CLANG_WARN_BLOCK_CAPTURE_AUTORELEASING = YES;
				CLANG_WARN_BOOL_CONVERSION = YES;
				CLANG_WARN_COMMA = YES;
				CLANG_WARN_CONSTANT_CONVERSION = YES;
				CLANG_WARN_DEPRECATED_OBJC_IMPLEMENTATIONS = YES;
				CLANG_WARN_DIRECT_OBJC_ISA_USAGE = YES_ERROR;
				CLANG_WARN_DOCUMENTATION_COMMENTS = YES;
				CLANG_WARN_EMPTY_BODY = YES;
				CLANG_WARN_ENUM_CONVERSION = YES;
				CLANG_WARN_INFINITE_RECURSION = YES;
				CLANG_WARN_INT_CONVERSION = YES;
				CLANG_WARN_NON_LITERAL_NULL_CONVERSION = YES;
				CLANG_WARN_OBJC_IMPLICIT_RETAIN_SELF = YES;
				CLANG_WARN_OBJC_LITERAL_CONVERSION = YES;
				CLANG_WARN_OBJC_ROOT_CLASS = YES_ERROR;
				CLANG_WARN_QUOTED_INCLUDE_IN_FRAMEWORK_HEADER = YES;
				CLANG_WARN_RANGE_LOOP_ANALYSIS = YES;
				CLANG_WARN_STRICT_PROTOTYPES = YES;
				CLANG_WARN_SUSPICIOUS_MOVE = YES;
				CLANG_WARN_UNGUARDED_AVAILABILITY = YES_AGGRESSIVE;
				CLANG_WARN_UNREACHABLE_CODE = YES;
				CLANG_WARN__DUPLICATE_METHOD_MATCH = YES;
				COPY_PHASE_STRIP = NO;
				DEBUG_INFORMATION_FORMAT = "dwarf-with-dsym";
				ENABLE_NS_ASSERTIONS = NO;
				ENABLE_STRICT_OBJC_MSGSEND = YES;
				GCC_C_LANGUAGE_STANDARD = gnu11;
				GCC_NO_COMMON_BLOCKS = YES;
				GCC_WARN_64_TO_32_BIT_CONVERSION = YES;
				GCC_WARN_ABOUT_RETURN_TYPE = YES_ERROR;
				GCC_WARN_UNDECLARED_SELECTOR = YES;
				GCC_WARN_UNINITIALIZED_AUTOS = YES_AGGRESSIVE;
				GCC_WARN_UNUSED_FUNCTION = YES;
				GCC_WARN_UNUSED_VARIABLE = YES;
				IPHONEOS_DEPLOYMENT_TARGET = 16.2;
				MTL_ENABLE_DEBUG_INFO = NO;
				MTL_FAST_MATH = YES;
				SDKROOT = iphoneos;
				SWIFT_COMPILATION_MODE = wholemodule;
				SWIFT_OPTIMIZATION_LEVEL = "-O";
				VALIDATE_PRODUCT = YES;
			};
			name = Release;
		};
		107E32F729CA076A0059F22B /* Debug */ = {
			isa = XCBuildConfiguration;
			buildSettings = {
				ASSETCATALOG_COMPILER_APPICON_NAME = AppIcon;
				ASSETCATALOG_COMPILER_GLOBAL_ACCENT_COLOR_NAME = AccentColor;
				CODE_SIGN_STYLE = Automatic;
				CURRENT_PROJECT_VERSION = 1;
				DEVELOPMENT_ASSET_PATHS = "\"app/Preview Content\"";
				DEVELOPMENT_TEAM = 4QL9TPHMX5;
				ENABLE_PREVIEWS = YES;
				GENERATE_INFOPLIST_FILE = YES;
				INFOPLIST_KEY_CFBundleDisplayName = "Pokeday's";
				INFOPLIST_KEY_LSApplicationCategoryType = "public.app-category.games";
				INFOPLIST_KEY_UIApplicationSceneManifest_Generation = YES;
				INFOPLIST_KEY_UIApplicationSupportsIndirectInputEvents = YES;
				INFOPLIST_KEY_UILaunchScreen_Generation = YES;
				INFOPLIST_KEY_UISupportedInterfaceOrientations_iPad = "UIInterfaceOrientationPortrait UIInterfaceOrientationPortraitUpsideDown UIInterfaceOrientationLandscapeLeft UIInterfaceOrientationLandscapeRight";
				INFOPLIST_KEY_UISupportedInterfaceOrientations_iPhone = "UIInterfaceOrientationPortrait UIInterfaceOrientationLandscapeLeft UIInterfaceOrientationLandscapeRight";
				IPHONEOS_DEPLOYMENT_TARGET = 16.0;
				LD_RUNPATH_SEARCH_PATHS = (
					"$(inherited)",
					"@executable_path/Frameworks",
				);
				MARKETING_VERSION = 1.0;
				PRODUCT_BUNDLE_IDENTIFIER = com.zixyos.pokeday;
				PRODUCT_NAME = "$(TARGET_NAME)";
				SWIFT_EMIT_LOC_STRINGS = YES;
				SWIFT_VERSION = 5.0;
				TARGETED_DEVICE_FAMILY = "1,2";
			};
			name = Debug;
		};
		107E32F829CA076A0059F22B /* Release */ = {
			isa = XCBuildConfiguration;
			buildSettings = {
				ASSETCATALOG_COMPILER_APPICON_NAME = AppIcon;
				ASSETCATALOG_COMPILER_GLOBAL_ACCENT_COLOR_NAME = AccentColor;
				CODE_SIGN_STYLE = Automatic;
				CURRENT_PROJECT_VERSION = 1;
				DEVELOPMENT_ASSET_PATHS = "\"app/Preview Content\"";
				DEVELOPMENT_TEAM = 4QL9TPHMX5;
				ENABLE_PREVIEWS = YES;
				GENERATE_INFOPLIST_FILE = YES;
				INFOPLIST_KEY_CFBundleDisplayName = "Pokeday's";
				INFOPLIST_KEY_LSApplicationCategoryType = "public.app-category.games";
				INFOPLIST_KEY_UIApplicationSceneManifest_Generation = YES;
				INFOPLIST_KEY_UIApplicationSupportsIndirectInputEvents = YES;
				INFOPLIST_KEY_UILaunchScreen_Generation = YES;
				INFOPLIST_KEY_UISupportedInterfaceOrientations_iPad = "UIInterfaceOrientationPortrait UIInterfaceOrientationPortraitUpsideDown UIInterfaceOrientationLandscapeLeft UIInterfaceOrientationLandscapeRight";
				INFOPLIST_KEY_UISupportedInterfaceOrientations_iPhone = "UIInterfaceOrientationPortrait UIInterfaceOrientationLandscapeLeft UIInterfaceOrientationLandscapeRight";
				IPHONEOS_DEPLOYMENT_TARGET = 16.0;
				LD_RUNPATH_SEARCH_PATHS = (
					"$(inherited)",
					"@executable_path/Frameworks",
				);
				MARKETING_VERSION = 1.0;
				PRODUCT_BUNDLE_IDENTIFIER = com.zixyos.pokeday;
				PRODUCT_NAME = "$(TARGET_NAME)";
				SWIFT_EMIT_LOC_STRINGS = YES;
				SWIFT_VERSION = 5.0;
				TARGETED_DEVICE_FAMILY = "1,2";
			};
			name = Release;
		};
/* End XCBuildConfiguration section */

/* Begin XCConfigurationList section */
		107E32E329CA07680059F22B /* Build configuration list for PBXProject "pokeday" */ = {
			isa = XCConfigurationList;
			buildConfigurations = (
				107E32F429CA076A0059F22B /* Debug */,
				107E32F529CA076A0059F22B /* Release */,
			);
			defaultConfigurationIsVisible = 0;
			defaultConfigurationName = Release;
		};
		107E32F629CA076A0059F22B /* Build configuration list for PBXNativeTarget "pokeday" */ = {
			isa = XCConfigurationList;
			buildConfigurations = (
				107E32F729CA076A0059F22B /* Debug */,
				107E32F829CA076A0059F22B /* Release */,
			);
			defaultConfigurationIsVisible = 0;
			defaultConfigurationName = Release;
		};
/* End XCConfigurationList section */
	};
	rootObject = 107E32E029CA07680059F22B /* Project object */;
}
