// !$*UTF8*$!
{
	archiveVersion = 1;
	classes = {
	};
	objectVersion = 56;
	objects = {

/* Begin PBXBuildFile section */
		1009E36B29F91FCC00C6A706 /* type-icon.enum.swift in Sources */ = {isa = PBXBuildFile; fileRef = 1009E36A29F91FCC00C6A706 /* type-icon.enum.swift */; };
		1009E36D29F9235900C6A706 /* pills.type.button.swift in Sources */ = {isa = PBXBuildFile; fileRef = 1009E36C29F9235900C6A706 /* pills.type.button.swift */; };
		1009E37129F9257C00C6A706 /* leaf_icon_full.png in Resources */ = {isa = PBXBuildFile; fileRef = 1009E37029F9255800C6A706 /* leaf_icon_full.png */; };
		1009E37329F9268D00C6A706 /* pills.pokemon.button.swift in Sources */ = {isa = PBXBuildFile; fileRef = 1009E37229F9268D00C6A706 /* pills.pokemon.button.swift */; };
		1026E82D29D290B100B271FD /* loading.view.swift in Sources */ = {isa = PBXBuildFile; fileRef = 1026E82C29D290B100B271FD /* loading.view.swift */; };
		1026E83029D292DB00B271FD /* loading.view.model.swift in Sources */ = {isa = PBXBuildFile; fileRef = 1026E82F29D292DB00B271FD /* loading.view.model.swift */; };
		1026E84029D436EF00B271FD /* user.entity.swift in Sources */ = {isa = PBXBuildFile; fileRef = 1026E83F29D436EF00B271FD /* user.entity.swift */; };
		1026E84229D436FA00B271FD /* pokemon.entity.swift in Sources */ = {isa = PBXBuildFile; fileRef = 1026E84129D436FA00B271FD /* pokemon.entity.swift */; };
		1026E84629D4556300B271FD /* pokeday.model.swift in Sources */ = {isa = PBXBuildFile; fileRef = 1026E84529D4556300B271FD /* pokeday.model.swift */; };
		1026E84929D5489200B271FD /* AppModel.xcdatamodeld in Sources */ = {isa = PBXBuildFile; fileRef = 1026E84729D5489200B271FD /* AppModel.xcdatamodeld */; };
		1026E84B29D557C800B271FD /* generation.ressource.swift in Sources */ = {isa = PBXBuildFile; fileRef = 1026E84A29D557C800B271FD /* generation.ressource.swift */; };
		1026E84D29D55A6300B271FD /* region.res.dto.swift in Sources */ = {isa = PBXBuildFile; fileRef = 1026E84C29D55A6300B271FD /* region.res.dto.swift */; };
		1026E85329DBFDE000B271FD /* audio.manager.swift in Sources */ = {isa = PBXBuildFile; fileRef = 1026E85229DBFDE000B271FD /* audio.manager.swift */; };
		1026E85E29DC1D7500B271FD /* pokemon_rb_intro.mp3 in Resources */ = {isa = PBXBuildFile; fileRef = 1026E85929DC1D3500B271FD /* pokemon_rb_intro.mp3 */; };
		103ECEF729CCBB270095AE78 /* pokemon.sprites.type.swift in Sources */ = {isa = PBXBuildFile; fileRef = 103ECEF629CCBB270095AE78 /* pokemon.sprites.type.swift */; };
		104DF13F29CB0F4800D97446 /* tab.navigation.swift in Sources */ = {isa = PBXBuildFile; fileRef = 104DF13E29CB0F4800D97446 /* tab.navigation.swift */; };
		104DF14229CB481A00D97446 /* pokemon.type.swift in Sources */ = {isa = PBXBuildFile; fileRef = 104DF14129CB481A00D97446 /* pokemon.type.swift */; };
		104DF14429CB492400D97446 /* pokemon.ability.type.swift in Sources */ = {isa = PBXBuildFile; fileRef = 104DF14329CB492400D97446 /* pokemon.ability.type.swift */; };
		104DF14829CB4B1300D97446 /* api-ressource.util.type.swift in Sources */ = {isa = PBXBuildFile; fileRef = 104DF14729CB4B1300D97446 /* api-ressource.util.type.swift */; };
		104DF14A29CB4B9D00D97446 /* pokemon.form.type.swift in Sources */ = {isa = PBXBuildFile; fileRef = 104DF14929CB4B9D00D97446 /* pokemon.form.type.swift */; };
		104DF14D29CB579A00D97446 /* pokedex.view.swift in Sources */ = {isa = PBXBuildFile; fileRef = 104DF14C29CB579A00D97446 /* pokedex.view.swift */; };
		104DF15029CB57BE00D97446 /* pokedex.view.model.swift in Sources */ = {isa = PBXBuildFile; fileRef = 104DF14F29CB57BE00D97446 /* pokedex.view.model.swift */; };
		104DF15529CB5C7100D97446 /* pokedex.card.component.swift in Sources */ = {isa = PBXBuildFile; fileRef = 104DF15429CB5C7100D97446 /* pokedex.card.component.swift */; };
		104DF15829CC176B00D97446 /* card-text.component.swift in Sources */ = {isa = PBXBuildFile; fileRef = 104DF15729CC176B00D97446 /* card-text.component.swift */; };
		1063097C29F00C7B0050A175 /* pokemon.view.swift in Sources */ = {isa = PBXBuildFile; fileRef = 1063097B29F00C7A0050A175 /* pokemon.view.swift */; };
		1063097E29F00C920050A175 /* pokemon.viewmodel.swift in Sources */ = {isa = PBXBuildFile; fileRef = 1063097D29F00C920050A175 /* pokemon.viewmodel.swift */; };
		1063098129F685EE0050A175 /* header.pokemon.swift in Sources */ = {isa = PBXBuildFile; fileRef = 1063098029F685EE0050A175 /* header.pokemon.swift */; };
		1063098F29F69A080050A175 /* leaf_icon_unfull.png in Resources */ = {isa = PBXBuildFile; fileRef = 1063098D29F69A080050A175 /* leaf_icon_unfull.png */; };
		1063099429F6A4750050A175 /* ui.tools.swift in Sources */ = {isa = PBXBuildFile; fileRef = 1063099329F6A4750050A175 /* ui.tools.swift */; };
		107E32EC29CA07680059F22B /* pokedayApp.swift in Sources */ = {isa = PBXBuildFile; fileRef = 107E32EB29CA07680059F22B /* pokedayApp.swift */; };
		107E32F029CA076A0059F22B /* Assets.xcassets in Resources */ = {isa = PBXBuildFile; fileRef = 107E32EF29CA076A0059F22B /* Assets.xcassets */; };
		107E32F329CA076A0059F22B /* Preview Assets.xcassets in Resources */ = {isa = PBXBuildFile; fileRef = 107E32F229CA076A0059F22B /* Preview Assets.xcassets */; };
		107E32FB29CA07AA0059F22B /* client.swift in Sources */ = {isa = PBXBuildFile; fileRef = 107E32FA29CA07AA0059F22B /* client.swift */; };
		107E32FD29CA0A990059F22B /* http-client.swift in Sources */ = {isa = PBXBuildFile; fileRef = 107E32FC29CA0A990059F22B /* http-client.swift */; };
		107E330029CA1A5A0059F22B /* pokemon.ressource.swift in Sources */ = {isa = PBXBuildFile; fileRef = 107E32FF29CA1A5A0059F22B /* pokemon.ressource.swift */; };
		107E330329CA1CED0059F22B /* pokemon.res.dto.swift in Sources */ = {isa = PBXBuildFile; fileRef = 107E330229CA1CED0059F22B /* pokemon.res.dto.swift */; };
		107E330A29CAAF9E0059F22B /* login.view.swift in Sources */ = {isa = PBXBuildFile; fileRef = 107E330929CAAF9E0059F22B /* login.view.swift */; };
		107E330D29CAB0380059F22B /* login.view.model.swift in Sources */ = {isa = PBXBuildFile; fileRef = 107E330C29CAB0380059F22B /* login.view.model.swift */; };
		107E330F29CAC9B10059F22B /* app.navigation.swift in Sources */ = {isa = PBXBuildFile; fileRef = 107E330E29CAC9B10059F22B /* app.navigation.swift */; };
		107E331129CACDE80059F22B /* auth.navigation.swift in Sources */ = {isa = PBXBuildFile; fileRef = 107E331029CACDE80059F22B /* auth.navigation.swift */; };
		107E331529CAD4E80059F22B /* app.state.manager.swift in Sources */ = {isa = PBXBuildFile; fileRef = 107E331429CAD4E80059F22B /* app.state.manager.swift */; };
		107E331729CAE2940059F22B /* auth.state.manager.swift in Sources */ = {isa = PBXBuildFile; fileRef = 107E331629CAE2940059F22B /* auth.state.manager.swift */; };
		107E331929CAE3890059F22B /* auth.state.swift in Sources */ = {isa = PBXBuildFile; fileRef = 107E331829CAE3890059F22B /* auth.state.swift */; };
		107E331B29CAE80F0059F22B /* state.manager.swift in Sources */ = {isa = PBXBuildFile; fileRef = 107E331A29CAE80F0059F22B /* state.manager.swift */; };
		107E332029CAEC750059F22B /* template.view-model.swift in Sources */ = {isa = PBXBuildFile; fileRef = 107E331F29CAEC750059F22B /* template.view-model.swift */; };
		10A8B27D2A03A4DB009E41E8 /* FirebaseAuth in Frameworks */ = {isa = PBXBuildFile; productRef = 10A8B27C2A03A4DB009E41E8 /* FirebaseAuth */; };
		10A8B27F2A03A4DB009E41E8 /* FirebaseFirestore in Frameworks */ = {isa = PBXBuildFile; productRef = 10A8B27E2A03A4DB009E41E8 /* FirebaseFirestore */; };
		10A8B2812A03A4DB009E41E8 /* FirebaseFirestoreSwift in Frameworks */ = {isa = PBXBuildFile; productRef = 10A8B2802A03A4DB009E41E8 /* FirebaseFirestoreSwift */; };
		10A8B2852A03B1F5009E41E8 /* GoogleService-Info.plist in Resources */ = {isa = PBXBuildFile; fileRef = 10A8B2842A03B1F5009E41E8 /* GoogleService-Info.plist */; };
		10A8B2882A0B8871009E41E8 /* user.document.swift in Sources */ = {isa = PBXBuildFile; fileRef = 10A8B2872A0B8871009E41E8 /* user.document.swift */; };
		10A8B28A2A0B912E009E41E8 /* json.tools.swift in Sources */ = {isa = PBXBuildFile; fileRef = 10A8B2892A0B912E009E41E8 /* json.tools.swift */; };
		10A8B28C2A0BC969009E41E8 /* register.view.swift in Sources */ = {isa = PBXBuildFile; fileRef = 10A8B28B2A0BC969009E41E8 /* register.view.swift */; };
		10D44AE72A0BD7AB00C35003 /* google_icon.png in Resources */ = {isa = PBXBuildFile; fileRef = 10D44AE62A0BD7AB00C35003 /* google_icon.png */; };
		10D44AE92A0BDC1900C35003 /* register.form.view.swift in Sources */ = {isa = PBXBuildFile; fileRef = 10D44AE82A0BDC1900C35003 /* register.form.view.swift */; };
		10D44AED2A0BE56800C35003 /* user.form.view.swift in Sources */ = {isa = PBXBuildFile; fileRef = 10D44AEC2A0BE56800C35003 /* user.form.view.swift */; };
/* End PBXBuildFile section */

/* Begin PBXFileReference section */
		1009E36A29F91FCC00C6A706 /* type-icon.enum.swift */ = {isa = PBXFileReference; lastKnownFileType = sourcecode.swift; path = "type-icon.enum.swift"; sourceTree = "<group>"; };
		1009E36C29F9235900C6A706 /* pills.type.button.swift */ = {isa = PBXFileReference; lastKnownFileType = sourcecode.swift; path = pills.type.button.swift; sourceTree = "<group>"; };
		1009E36F29F9255800C6A706 /* leaf_icon_unfull.png */ = {isa = PBXFileReference; lastKnownFileType = image.png; path = leaf_icon_unfull.png; sourceTree = "<group>"; };
		1009E37029F9255800C6A706 /* leaf_icon_full.png */ = {isa = PBXFileReference; lastKnownFileType = image.png; path = leaf_icon_full.png; sourceTree = "<group>"; };
		1009E37229F9268D00C6A706 /* pills.pokemon.button.swift */ = {isa = PBXFileReference; lastKnownFileType = sourcecode.swift; path = pills.pokemon.button.swift; sourceTree = "<group>"; };
		1026E82C29D290B100B271FD /* loading.view.swift */ = {isa = PBXFileReference; lastKnownFileType = sourcecode.swift; path = loading.view.swift; sourceTree = "<group>"; };
		1026E82F29D292DB00B271FD /* loading.view.model.swift */ = {isa = PBXFileReference; lastKnownFileType = sourcecode.swift; path = loading.view.model.swift; sourceTree = "<group>"; };
		1026E83F29D436EF00B271FD /* user.entity.swift */ = {isa = PBXFileReference; lastKnownFileType = sourcecode.swift; path = user.entity.swift; sourceTree = "<group>"; };
		1026E84129D436FA00B271FD /* pokemon.entity.swift */ = {isa = PBXFileReference; lastKnownFileType = sourcecode.swift; path = pokemon.entity.swift; sourceTree = "<group>"; };
		1026E84529D4556300B271FD /* pokeday.model.swift */ = {isa = PBXFileReference; lastKnownFileType = sourcecode.swift; path = pokeday.model.swift; sourceTree = "<group>"; };
		1026E84829D5489200B271FD /* AppModel.xcdatamodel */ = {isa = PBXFileReference; lastKnownFileType = wrapper.xcdatamodel; path = AppModel.xcdatamodel; sourceTree = "<group>"; };
		1026E84A29D557C800B271FD /* generation.ressource.swift */ = {isa = PBXFileReference; lastKnownFileType = sourcecode.swift; path = generation.ressource.swift; sourceTree = "<group>"; };
		1026E84C29D55A6300B271FD /* region.res.dto.swift */ = {isa = PBXFileReference; lastKnownFileType = sourcecode.swift; path = region.res.dto.swift; sourceTree = "<group>"; };
		1026E85229DBFDE000B271FD /* audio.manager.swift */ = {isa = PBXFileReference; lastKnownFileType = sourcecode.swift; path = audio.manager.swift; sourceTree = "<group>"; };
		1026E85929DC1D3500B271FD /* pokemon_rb_intro.mp3 */ = {isa = PBXFileReference; lastKnownFileType = audio.mp3; path = pokemon_rb_intro.mp3; sourceTree = "<group>"; };
		1026E85A29DC1D3600B271FD /* pc_on.wav */ = {isa = PBXFileReference; lastKnownFileType = audio.wav; path = pc_on.wav; sourceTree = "<group>"; };
		103ECEF629CCBB270095AE78 /* pokemon.sprites.type.swift */ = {isa = PBXFileReference; lastKnownFileType = sourcecode.swift; path = pokemon.sprites.type.swift; sourceTree = "<group>"; };
		104DF13E29CB0F4800D97446 /* tab.navigation.swift */ = {isa = PBXFileReference; lastKnownFileType = sourcecode.swift; path = tab.navigation.swift; sourceTree = "<group>"; };
		104DF14129CB481A00D97446 /* pokemon.type.swift */ = {isa = PBXFileReference; lastKnownFileType = sourcecode.swift; path = pokemon.type.swift; sourceTree = "<group>"; };
		104DF14329CB492400D97446 /* pokemon.ability.type.swift */ = {isa = PBXFileReference; lastKnownFileType = sourcecode.swift; path = pokemon.ability.type.swift; sourceTree = "<group>"; };
		104DF14729CB4B1300D97446 /* api-ressource.util.type.swift */ = {isa = PBXFileReference; lastKnownFileType = sourcecode.swift; path = "api-ressource.util.type.swift"; sourceTree = "<group>"; };
		104DF14929CB4B9D00D97446 /* pokemon.form.type.swift */ = {isa = PBXFileReference; lastKnownFileType = sourcecode.swift; path = pokemon.form.type.swift; sourceTree = "<group>"; };
		104DF14C29CB579A00D97446 /* pokedex.view.swift */ = {isa = PBXFileReference; lastKnownFileType = sourcecode.swift; path = pokedex.view.swift; sourceTree = "<group>"; };
		104DF14F29CB57BE00D97446 /* pokedex.view.model.swift */ = {isa = PBXFileReference; lastKnownFileType = sourcecode.swift; path = pokedex.view.model.swift; sourceTree = "<group>"; };
		104DF15429CB5C7100D97446 /* pokedex.card.component.swift */ = {isa = PBXFileReference; lastKnownFileType = sourcecode.swift; path = pokedex.card.component.swift; sourceTree = "<group>"; };
		104DF15729CC176B00D97446 /* card-text.component.swift */ = {isa = PBXFileReference; lastKnownFileType = sourcecode.swift; path = "card-text.component.swift"; sourceTree = "<group>"; };
		1063097B29F00C7A0050A175 /* pokemon.view.swift */ = {isa = PBXFileReference; lastKnownFileType = sourcecode.swift; path = pokemon.view.swift; sourceTree = "<group>"; };
		1063097D29F00C920050A175 /* pokemon.viewmodel.swift */ = {isa = PBXFileReference; lastKnownFileType = sourcecode.swift; path = pokemon.viewmodel.swift; sourceTree = "<group>"; };
		1063098029F685EE0050A175 /* header.pokemon.swift */ = {isa = PBXFileReference; lastKnownFileType = sourcecode.swift; path = header.pokemon.swift; sourceTree = "<group>"; };
		1063098C29F69A080050A175 /* leaf_icon_unfull.svg */ = {isa = PBXFileReference; fileEncoding = 4; lastKnownFileType = text; path = leaf_icon_unfull.svg; sourceTree = "<group>"; };
		1063098D29F69A080050A175 /* leaf_icon_unfull.png */ = {isa = PBXFileReference; lastKnownFileType = image.png; path = leaf_icon_unfull.png; sourceTree = "<group>"; };
		1063099029F69A220050A175 /* leaf_icon_unfull.png */ = {isa = PBXFileReference; lastKnownFileType = image.png; path = leaf_icon_unfull.png; sourceTree = "<group>"; };
		1063099329F6A4750050A175 /* ui.tools.swift */ = {isa = PBXFileReference; lastKnownFileType = sourcecode.swift; path = ui.tools.swift; sourceTree = "<group>"; };
		107E32E829CA07680059F22B /* pokeday.app */ = {isa = PBXFileReference; explicitFileType = wrapper.application; includeInIndex = 0; path = pokeday.app; sourceTree = BUILT_PRODUCTS_DIR; };
		107E32EB29CA07680059F22B /* pokedayApp.swift */ = {isa = PBXFileReference; lastKnownFileType = sourcecode.swift; path = pokedayApp.swift; sourceTree = "<group>"; };
		107E32EF29CA076A0059F22B /* Assets.xcassets */ = {isa = PBXFileReference; lastKnownFileType = folder.assetcatalog; path = Assets.xcassets; sourceTree = "<group>"; };
		107E32F229CA076A0059F22B /* Preview Assets.xcassets */ = {isa = PBXFileReference; lastKnownFileType = folder.assetcatalog; path = "Preview Assets.xcassets"; sourceTree = "<group>"; };
		107E32FA29CA07AA0059F22B /* client.swift */ = {isa = PBXFileReference; lastKnownFileType = sourcecode.swift; path = client.swift; sourceTree = "<group>"; };
		107E32FC29CA0A990059F22B /* http-client.swift */ = {isa = PBXFileReference; lastKnownFileType = sourcecode.swift; path = "http-client.swift"; sourceTree = "<group>"; };
		107E32FF29CA1A5A0059F22B /* pokemon.ressource.swift */ = {isa = PBXFileReference; lastKnownFileType = sourcecode.swift; path = pokemon.ressource.swift; sourceTree = "<group>"; };
		107E330229CA1CED0059F22B /* pokemon.res.dto.swift */ = {isa = PBXFileReference; lastKnownFileType = sourcecode.swift; path = pokemon.res.dto.swift; sourceTree = "<group>"; };
		107E330929CAAF9E0059F22B /* login.view.swift */ = {isa = PBXFileReference; lastKnownFileType = sourcecode.swift; path = login.view.swift; sourceTree = "<group>"; };
		107E330C29CAB0380059F22B /* login.view.model.swift */ = {isa = PBXFileReference; lastKnownFileType = sourcecode.swift; path = login.view.model.swift; sourceTree = "<group>"; };
		107E330E29CAC9B10059F22B /* app.navigation.swift */ = {isa = PBXFileReference; lastKnownFileType = sourcecode.swift; path = app.navigation.swift; sourceTree = "<group>"; };
		107E331029CACDE80059F22B /* auth.navigation.swift */ = {isa = PBXFileReference; lastKnownFileType = sourcecode.swift; path = auth.navigation.swift; sourceTree = "<group>"; };
		107E331429CAD4E80059F22B /* app.state.manager.swift */ = {isa = PBXFileReference; lastKnownFileType = sourcecode.swift; path = app.state.manager.swift; sourceTree = "<group>"; };
		107E331629CAE2940059F22B /* auth.state.manager.swift */ = {isa = PBXFileReference; lastKnownFileType = sourcecode.swift; path = auth.state.manager.swift; sourceTree = "<group>"; };
		107E331829CAE3890059F22B /* auth.state.swift */ = {isa = PBXFileReference; lastKnownFileType = sourcecode.swift; path = auth.state.swift; sourceTree = "<group>"; };
		107E331A29CAE80F0059F22B /* state.manager.swift */ = {isa = PBXFileReference; lastKnownFileType = sourcecode.swift; path = state.manager.swift; sourceTree = "<group>"; };
		107E331F29CAEC750059F22B /* template.view-model.swift */ = {isa = PBXFileReference; lastKnownFileType = sourcecode.swift; path = "template.view-model.swift"; sourceTree = "<group>"; };
		10A8B2842A03B1F5009E41E8 /* GoogleService-Info.plist */ = {isa = PBXFileReference; fileEncoding = 4; lastKnownFileType = text.plist.xml; path = "GoogleService-Info.plist"; sourceTree = "<group>"; };
		10A8B2872A0B8871009E41E8 /* user.document.swift */ = {isa = PBXFileReference; lastKnownFileType = sourcecode.swift; path = user.document.swift; sourceTree = "<group>"; };
		10A8B2892A0B912E009E41E8 /* json.tools.swift */ = {isa = PBXFileReference; lastKnownFileType = sourcecode.swift; path = json.tools.swift; sourceTree = "<group>"; };
		10A8B28B2A0BC969009E41E8 /* register.view.swift */ = {isa = PBXFileReference; lastKnownFileType = sourcecode.swift; path = register.view.swift; sourceTree = "<group>"; };
		10D44AE62A0BD7AB00C35003 /* google_icon.png */ = {isa = PBXFileReference; lastKnownFileType = image.png; path = google_icon.png; sourceTree = "<group>"; };
		10D44AE82A0BDC1900C35003 /* register.form.view.swift */ = {isa = PBXFileReference; lastKnownFileType = sourcecode.swift; path = register.form.view.swift; sourceTree = "<group>"; };
		10D44AEC2A0BE56800C35003 /* user.form.view.swift */ = {isa = PBXFileReference; lastKnownFileType = sourcecode.swift; path = user.form.view.swift; sourceTree = "<group>"; };
/* End PBXFileReference section */

/* Begin PBXFrameworksBuildPhase section */
		107E32E529CA07680059F22B /* Frameworks */ = {
			isa = PBXFrameworksBuildPhase;
			buildActionMask = 2147483647;
			files = (
				10A8B27D2A03A4DB009E41E8 /* FirebaseAuth in Frameworks */,
				10A8B27F2A03A4DB009E41E8 /* FirebaseFirestore in Frameworks */,
				10A8B2812A03A4DB009E41E8 /* FirebaseFirestoreSwift in Frameworks */,
			);
			runOnlyForDeploymentPostprocessing = 0;
		};
/* End PBXFrameworksBuildPhase section */

/* Begin PBXGroup section */
		1009E36929F91FB400C6A706 /* enums */ = {
			isa = PBXGroup;
			children = (
				1009E36A29F91FCC00C6A706 /* type-icon.enum.swift */,
			);
			path = enums;
			sourceTree = "<group>";
		};
		1009E36E29F9255800C6A706 /* icons */ = {
			isa = PBXGroup;
			children = (
				1009E36F29F9255800C6A706 /* leaf_icon_unfull.png */,
				1009E37029F9255800C6A706 /* leaf_icon_full.png */,
			);
			name = icons;
			path = app/src/assets/type/grass/icons;
			sourceTree = "<group>";
		};
		1026E82B29D2909B00B271FD /* loading */ = {
			isa = PBXGroup;
			children = (
				1026E82E29D292CA00B271FD /* models */,
				1026E82C29D290B100B271FD /* loading.view.swift */,
			);
			path = loading;
			sourceTree = "<group>";
		};
		1026E82E29D292CA00B271FD /* models */ = {
			isa = PBXGroup;
			children = (
				1026E82F29D292DB00B271FD /* loading.view.model.swift */,
			);
			path = models;
			sourceTree = "<group>";
		};
		1026E83E29D4363F00B271FD /* entities */ = {
			isa = PBXGroup;
			children = (
				1026E83F29D436EF00B271FD /* user.entity.swift */,
				1026E84129D436FA00B271FD /* pokemon.entity.swift */,
			);
			path = entities;
			sourceTree = "<group>";
		};
		1026E84E29D55AB800B271FD /* game */ = {
			isa = PBXGroup;
			children = (
			);
			path = game;
			sourceTree = "<group>";
		};
		1026E84F29DBFDAB00B271FD /* managers */ = {
			isa = PBXGroup;
			children = (
				1026E85129DBFDC900B271FD /* sprites */,
				1026E85029DBFDBF00B271FD /* audio */,
			);
			path = managers;
			sourceTree = "<group>";
		};
		1026E85029DBFDBF00B271FD /* audio */ = {
			isa = PBXGroup;
			children = (
				1026E85229DBFDE000B271FD /* audio.manager.swift */,
			);
			path = audio;
			sourceTree = "<group>";
		};
		1026E85129DBFDC900B271FD /* sprites */ = {
			isa = PBXGroup;
			children = (
			);
			path = sprites;
			sourceTree = "<group>";
		};
		1026E85729DC1D3500B271FD /* src */ = {
			isa = PBXGroup;
			children = (
				1063098229F687490050A175 /* assets */,
				1063098829F69A080050A175 /* assets */,
				1026E85829DC1D3500B271FD /* sounds */,
			);
			path = src;
			sourceTree = "<group>";
		};
		1026E85829DC1D3500B271FD /* sounds */ = {
			isa = PBXGroup;
			children = (
				1026E85929DC1D3500B271FD /* pokemon_rb_intro.mp3 */,
				1026E85A29DC1D3600B271FD /* pc_on.wav */,
			);
			path = sounds;
			sourceTree = "<group>";
		};
		104DF14029CB479600D97446 /* pokemons */ = {
			isa = PBXGroup;
			children = (
				104DF14129CB481A00D97446 /* pokemon.type.swift */,
				104DF14329CB492400D97446 /* pokemon.ability.type.swift */,
				104DF14929CB4B9D00D97446 /* pokemon.form.type.swift */,
				103ECEF629CCBB270095AE78 /* pokemon.sprites.type.swift */,
			);
			path = pokemons;
			sourceTree = "<group>";
		};
		104DF14529CB4AD100D97446 /* utils */ = {
			isa = PBXGroup;
			children = (
				104DF14629CB4AEE00D97446 /* commons */,
			);
			path = utils;
			sourceTree = "<group>";
		};
		104DF14629CB4AEE00D97446 /* commons */ = {
			isa = PBXGroup;
			children = (
				104DF14729CB4B1300D97446 /* api-ressource.util.type.swift */,
			);
			path = commons;
			sourceTree = "<group>";
		};
		104DF14B29CB565400D97446 /* pokedex */ = {
			isa = PBXGroup;
			children = (
				104DF14E29CB57AF00D97446 /* models */,
				104DF14C29CB579A00D97446 /* pokedex.view.swift */,
				1063097B29F00C7A0050A175 /* pokemon.view.swift */,
			);
			path = pokedex;
			sourceTree = "<group>";
		};
		104DF14E29CB57AF00D97446 /* models */ = {
			isa = PBXGroup;
			children = (
				104DF14F29CB57BE00D97446 /* pokedex.view.model.swift */,
				1063097D29F00C920050A175 /* pokemon.viewmodel.swift */,
			);
			path = models;
			sourceTree = "<group>";
		};
		104DF15129CB5C0D00D97446 /* components */ = {
			isa = PBXGroup;
			children = (
				1063097F29F685B90050A175 /* layout */,
				104DF15629CC174B00D97446 /* texts */,
				104DF15329CB5C5000D97446 /* cards */,
				104DF15229CB5C1800D97446 /* buttons */,
			);
			path = components;
			sourceTree = "<group>";
		};
		104DF15229CB5C1800D97446 /* buttons */ = {
			isa = PBXGroup;
			children = (
				1009E36C29F9235900C6A706 /* pills.type.button.swift */,
				1009E37229F9268D00C6A706 /* pills.pokemon.button.swift */,
			);
			path = buttons;
			sourceTree = "<group>";
		};
		104DF15329CB5C5000D97446 /* cards */ = {
			isa = PBXGroup;
			children = (
				104DF15429CB5C7100D97446 /* pokedex.card.component.swift */,
			);
			path = cards;
			sourceTree = "<group>";
		};
		104DF15629CC174B00D97446 /* texts */ = {
			isa = PBXGroup;
			children = (
				104DF15729CC176B00D97446 /* card-text.component.swift */,
			);
			path = texts;
			sourceTree = "<group>";
		};
		1063097F29F685B90050A175 /* layout */ = {
			isa = PBXGroup;
			children = (
				1063098029F685EE0050A175 /* header.pokemon.swift */,
			);
			path = layout;
			sourceTree = "<group>";
		};
		1063098229F687490050A175 /* assets */ = {
			isa = PBXGroup;
			children = (
				1063098329F687490050A175 /* type */,
			);
			path = assets;
			sourceTree = "<group>";
		};
		1063098329F687490050A175 /* type */ = {
			isa = PBXGroup;
			children = (
				1063098429F687490050A175 /* grass */,
			);
			path = type;
			sourceTree = "<group>";
		};
		1063098429F687490050A175 /* grass */ = {
			isa = PBXGroup;
			children = (
				1063098529F687490050A175 /* icons */,
			);
			path = grass;
			sourceTree = "<group>";
		};
		1063098529F687490050A175 /* icons */ = {
			isa = PBXGroup;
			children = (
				1063099029F69A220050A175 /* leaf_icon_unfull.png */,
			);
			path = icons;
			sourceTree = "<group>";
		};
		1063098829F69A080050A175 /* assets */ = {
			isa = PBXGroup;
			children = (
				10D44AE52A0BD7AB00C35003 /* socials */,
				1063098929F69A080050A175 /* type */,
			);
			path = assets;
			sourceTree = "<group>";
		};
		1063098929F69A080050A175 /* type */ = {
			isa = PBXGroup;
			children = (
				1063098A29F69A080050A175 /* grass */,
			);
			path = type;
			sourceTree = "<group>";
		};
		1063098A29F69A080050A175 /* grass */ = {
			isa = PBXGroup;
			children = (
				1063098B29F69A080050A175 /* icons */,
			);
			path = grass;
			sourceTree = "<group>";
		};
		1063098B29F69A080050A175 /* icons */ = {
			isa = PBXGroup;
			children = (
				1063098C29F69A080050A175 /* leaf_icon_unfull.svg */,
				1063098D29F69A080050A175 /* leaf_icon_unfull.png */,
			);
			path = icons;
			sourceTree = "<group>";
		};
		1063099229F6A45E0050A175 /* utils */ = {
			isa = PBXGroup;
			children = (
				1063099329F6A4750050A175 /* ui.tools.swift */,
				10A8B2892A0B912E009E41E8 /* json.tools.swift */,
			);
			path = utils;
			sourceTree = "<group>";
		};
		107E32DF29CA07680059F22B = {
			isa = PBXGroup;
			children = (
				1009E36E29F9255800C6A706 /* icons */,
				1026E84729D5489200B271FD /* AppModel.xcdatamodeld */,
				107E32F929CA078F0059F22B /* pokemonSdk */,
				107E32EA29CA07680059F22B /* app */,
				107E32E929CA07680059F22B /* Products */,
			);
			sourceTree = "<group>";
		};
		107E32E929CA07680059F22B /* Products */ = {
			isa = PBXGroup;
			children = (
				107E32E829CA07680059F22B /* pokeday.app */,
			);
			name = Products;
			sourceTree = "<group>";
		};
		107E32EA29CA07680059F22B /* app */ = {
			isa = PBXGroup;
			children = (
				10A8B2842A03B1F5009E41E8 /* GoogleService-Info.plist */,
				1009E36929F91FB400C6A706 /* enums */,
				1063099229F6A45E0050A175 /* utils */,
				1026E85729DC1D3500B271FD /* src */,
				1026E84F29DBFDAB00B271FD /* managers */,
				1026E83E29D4363F00B271FD /* entities */,
				104DF15129CB5C0D00D97446 /* components */,
				107E331E29CAEC580059F22B /* types */,
				107E331229CAD4BB0059F22B /* states */,
				107E330529CAAF3C0059F22B /* navigations */,
				107E330429CAAF1D0059F22B /* views */,
				107E32EB29CA07680059F22B /* pokedayApp.swift */,
				107E32EF29CA076A0059F22B /* Assets.xcassets */,
				107E32F129CA076A0059F22B /* Preview Content */,
				1026E84529D4556300B271FD /* pokeday.model.swift */,
			);
			path = app;
			sourceTree = "<group>";
		};
		107E32F129CA076A0059F22B /* Preview Content */ = {
			isa = PBXGroup;
			children = (
				107E32F229CA076A0059F22B /* Preview Assets.xcassets */,
			);
			path = "Preview Content";
			sourceTree = "<group>";
		};
		107E32F929CA078F0059F22B /* pokemonSdk */ = {
			isa = PBXGroup;
			children = (
				107E330129CA1CDF0059F22B /* dto */,
				107E32FE29CA1A340059F22B /* ressources */,
				107E32FA29CA07AA0059F22B /* client.swift */,
				107E32FC29CA0A990059F22B /* http-client.swift */,
			);
			path = pokemonSdk;
			sourceTree = "<group>";
		};
		107E32FE29CA1A340059F22B /* ressources */ = {
			isa = PBXGroup;
			children = (
				1026E84E29D55AB800B271FD /* game */,
				107E32FF29CA1A5A0059F22B /* pokemon.ressource.swift */,
				1026E84A29D557C800B271FD /* generation.ressource.swift */,
			);
			path = ressources;
			sourceTree = "<group>";
		};
		107E330129CA1CDF0059F22B /* dto */ = {
			isa = PBXGroup;
			children = (
				107E330229CA1CED0059F22B /* pokemon.res.dto.swift */,
				1026E84C29D55A6300B271FD /* region.res.dto.swift */,
			);
			path = dto;
			sourceTree = "<group>";
		};
		107E330429CAAF1D0059F22B /* views */ = {
			isa = PBXGroup;
			children = (
				1026E82B29D2909B00B271FD /* loading */,
				104DF14B29CB565400D97446 /* pokedex */,
				107E330629CAAF510059F22B /* auth */,
			);
			path = views;
			sourceTree = "<group>";
		};
		107E330529CAAF3C0059F22B /* navigations */ = {
			isa = PBXGroup;
			children = (
				107E330E29CAC9B10059F22B /* app.navigation.swift */,
				107E331029CACDE80059F22B /* auth.navigation.swift */,
				104DF13E29CB0F4800D97446 /* tab.navigation.swift */,
			);
			path = navigations;
			sourceTree = "<group>";
		};
		107E330629CAAF510059F22B /* auth */ = {
			isa = PBXGroup;
			children = (
				107E330829CAAF6E0059F22B /* register */,
				107E330729CAAF660059F22B /* login */,
			);
			path = auth;
			sourceTree = "<group>";
		};
		107E330729CAAF660059F22B /* login */ = {
			isa = PBXGroup;
			children = (
				107E330B29CAB0160059F22B /* models */,
				107E330929CAAF9E0059F22B /* login.view.swift */,
			);
			path = login;
			sourceTree = "<group>";
		};
		107E330829CAAF6E0059F22B /* register */ = {
			isa = PBXGroup;
			children = (
				10A8B28D2A0BC96E009E41E8 /* models */,
				10A8B28B2A0BC969009E41E8 /* register.view.swift */,
				10D44AE82A0BDC1900C35003 /* register.form.view.swift */,
				10D44AEC2A0BE56800C35003 /* user.form.view.swift */,
			);
			path = register;
			sourceTree = "<group>";
		};
		107E330B29CAB0160059F22B /* models */ = {
			isa = PBXGroup;
			children = (
				107E330C29CAB0380059F22B /* login.view.model.swift */,
			);
			path = models;
			sourceTree = "<group>";
		};
		107E331229CAD4BB0059F22B /* states */ = {
			isa = PBXGroup;
			children = (
				107E331329CAD4C20059F22B /* managers */,
				107E331829CAE3890059F22B /* auth.state.swift */,
			);
			path = states;
			sourceTree = "<group>";
		};
		107E331329CAD4C20059F22B /* managers */ = {
			isa = PBXGroup;
			children = (
				107E331429CAD4E80059F22B /* app.state.manager.swift */,
				107E331629CAE2940059F22B /* auth.state.manager.swift */,
				107E331A29CAE80F0059F22B /* state.manager.swift */,
			);
			path = managers;
			sourceTree = "<group>";
		};
		107E331E29CAEC580059F22B /* types */ = {
			isa = PBXGroup;
			children = (
				10A8B2862A0B8838009E41E8 /* documents */,
				104DF14529CB4AD100D97446 /* utils */,
				104DF14029CB479600D97446 /* pokemons */,
				107E331F29CAEC750059F22B /* template.view-model.swift */,
			);
			path = types;
			sourceTree = "<group>";
		};
		10A8B2862A0B8838009E41E8 /* documents */ = {
			isa = PBXGroup;
			children = (
				10A8B2872A0B8871009E41E8 /* user.document.swift */,
			);
			path = documents;
			sourceTree = "<group>";
		};
		10A8B28D2A0BC96E009E41E8 /* models */ = {
			isa = PBXGroup;
			children = (
			);
			path = models;
			sourceTree = "<group>";
		};
		10D44AE52A0BD7AB00C35003 /* socials */ = {
			isa = PBXGroup;
			children = (
				10D44AE62A0BD7AB00C35003 /* google_icon.png */,
			);
			path = socials;
			sourceTree = "<group>";
		};
/* End PBXGroup section */

/* Begin PBXNativeTarget section */
		107E32E729CA07680059F22B /* pokeday */ = {
			isa = PBXNativeTarget;
			buildConfigurationList = 107E32F629CA076A0059F22B /* Build configuration list for PBXNativeTarget "pokeday" */;
			buildPhases = (
				107E32E429CA07680059F22B /* Sources */,
				107E32E529CA07680059F22B /* Frameworks */,
				107E32E629CA07680059F22B /* Resources */,
			);
			buildRules = (
			);
			dependencies = (
			);
			name = pokeday;
			packageProductDependencies = (
				10A8B27C2A03A4DB009E41E8 /* FirebaseAuth */,
				10A8B27E2A03A4DB009E41E8 /* FirebaseFirestore */,
				10A8B2802A03A4DB009E41E8 /* FirebaseFirestoreSwift */,
			);
			productName = pokedex;
			productReference = 107E32E829CA07680059F22B /* pokeday.app */;
			productType = "com.apple.product-type.application";
		};
/* End PBXNativeTarget section */

/* Begin PBXProject section */
		107E32E029CA07680059F22B /* Project object */ = {
			isa = PBXProject;
			attributes = {
				BuildIndependentTargetsInParallel = 1;
				LastSwiftUpdateCheck = 1420;
				LastUpgradeCheck = 1420;
				TargetAttributes = {
					107E32E729CA07680059F22B = {
						CreatedOnToolsVersion = 14.2;
					};
				};
			};
			buildConfigurationList = 107E32E329CA07680059F22B /* Build configuration list for PBXProject "pokeday" */;
			compatibilityVersion = "Xcode 14.0";
			developmentRegion = en;
			hasScannedForEncodings = 0;
			knownRegions = (
				en,
				Base,
			);
			mainGroup = 107E32DF29CA07680059F22B;
			packageReferences = (
				104DF15E29CC87B700D97446 /* XCRemoteSwiftPackageReference "Kingfisher" */,
				10A8B27B2A03A4DB009E41E8 /* XCRemoteSwiftPackageReference "firebase-ios-sdk" */,
			);
			productRefGroup = 107E32E929CA07680059F22B /* Products */;
			projectDirPath = "";
			projectRoot = "";
			targets = (
				107E32E729CA07680059F22B /* pokeday */,
			);
		};
/* End PBXProject section */

/* Begin PBXResourcesBuildPhase section */
		107E32E629CA07680059F22B /* Resources */ = {
			isa = PBXResourcesBuildPhase;
			buildActionMask = 2147483647;
			files = (
				1009E37129F9257C00C6A706 /* leaf_icon_full.png in Resources */,
				1063098F29F69A080050A175 /* leaf_icon_unfull.png in Resources */,
				1026E85E29DC1D7500B271FD /* pokemon_rb_intro.mp3 in Resources */,
				107E32F329CA076A0059F22B /* Preview Assets.xcassets in Resources */,
				107E32F029CA076A0059F22B /* Assets.xcassets in Resources */,
				10D44AE72A0BD7AB00C35003 /* google_icon.png in Resources */,
				10A8B2852A03B1F5009E41E8 /* GoogleService-Info.plist in Resources */,
			);
			runOnlyForDeploymentPostprocessing = 0;
		};
/* End PBXResourcesBuildPhase section */

/* Begin PBXSourcesBuildPhase section */
		107E32E429CA07680059F22B /* Sources */ = {
			isa = PBXSourcesBuildPhase;
			buildActionMask = 2147483647;
			files = (
				1026E84D29D55A6300B271FD /* region.res.dto.swift in Sources */,
				107E32FD29CA0A990059F22B /* http-client.swift in Sources */,
				10A8B2882A0B8871009E41E8 /* user.document.swift in Sources */,
				107E32FB29CA07AA0059F22B /* client.swift in Sources */,
				104DF14829CB4B1300D97446 /* api-ressource.util.type.swift in Sources */,
				107E332029CAEC750059F22B /* template.view-model.swift in Sources */,
				107E331529CAD4E80059F22B /* app.state.manager.swift in Sources */,
				107E331929CAE3890059F22B /* auth.state.swift in Sources */,
				1063097C29F00C7B0050A175 /* pokemon.view.swift in Sources */,
				103ECEF729CCBB270095AE78 /* pokemon.sprites.type.swift in Sources */,
				1026E83029D292DB00B271FD /* loading.view.model.swift in Sources */,
				104DF15529CB5C7100D97446 /* pokedex.card.component.swift in Sources */,
				1026E84229D436FA00B271FD /* pokemon.entity.swift in Sources */,
				1063098129F685EE0050A175 /* header.pokemon.swift in Sources */,
				107E330D29CAB0380059F22B /* login.view.model.swift in Sources */,
				1026E82D29D290B100B271FD /* loading.view.swift in Sources */,
				1026E84629D4556300B271FD /* pokeday.model.swift in Sources */,
				104DF15029CB57BE00D97446 /* pokedex.view.model.swift in Sources */,
				104DF15829CC176B00D97446 /* card-text.component.swift in Sources */,
				104DF14229CB481A00D97446 /* pokemon.type.swift in Sources */,
				107E331729CAE2940059F22B /* auth.state.manager.swift in Sources */,
				10D44AED2A0BE56800C35003 /* user.form.view.swift in Sources */,
				107E330029CA1A5A0059F22B /* pokemon.ressource.swift in Sources */,
				107E330A29CAAF9E0059F22B /* login.view.swift in Sources */,
				107E330F29CAC9B10059F22B /* app.navigation.swift in Sources */,
				1063099429F6A4750050A175 /* ui.tools.swift in Sources */,
				1063097E29F00C920050A175 /* pokemon.viewmodel.swift in Sources */,
				1026E85329DBFDE000B271FD /* audio.manager.swift in Sources */,
				107E330329CA1CED0059F22B /* pokemon.res.dto.swift in Sources */,
				107E331129CACDE80059F22B /* auth.navigation.swift in Sources */,
				1009E36B29F91FCC00C6A706 /* type-icon.enum.swift in Sources */,
				10A8B28A2A0B912E009E41E8 /* json.tools.swift in Sources */,
				104DF14D29CB579A00D97446 /* pokedex.view.swift in Sources */,
				104DF14A29CB4B9D00D97446 /* pokemon.form.type.swift in Sources */,
				10A8B28C2A0BC969009E41E8 /* register.view.swift in Sources */,
				107E331B29CAE80F0059F22B /* state.manager.swift in Sources */,
				1026E84029D436EF00B271FD /* user.entity.swift in Sources */,
				1026E84B29D557C800B271FD /* generation.ressource.swift in Sources */,
				1009E37329F9268D00C6A706 /* pills.pokemon.button.swift in Sources */,
				1009E36D29F9235900C6A706 /* pills.type.button.swift in Sources */,
				10D44AE92A0BDC1900C35003 /* register.form.view.swift in Sources */,
				104DF13F29CB0F4800D97446 /* tab.navigation.swift in Sources */,
				104DF14429CB492400D97446 /* pokemon.ability.type.swift in Sources */,
				107E32EC29CA07680059F22B /* pokedayApp.swift in Sources */,
				1026E84929D5489200B271FD /* AppModel.xcdatamodeld in Sources */,
			);
			runOnlyForDeploymentPostprocessing = 0;
		};
/* End PBXSourcesBuildPhase section */

/* Begin XCBuildConfiguration section */
		107E32F429CA076A0059F22B /* Debug */ = {
			isa = XCBuildConfiguration;
			buildSettings = {
				ALWAYS_SEARCH_USER_PATHS = NO;
				CLANG_ANALYZER_NONNULL = YES;
				CLANG_ANALYZER_NUMBER_OBJECT_CONVERSION = YES_AGGRESSIVE;
				CLANG_CXX_LANGUAGE_STANDARD = "gnu++20";
				CLANG_ENABLE_MODULES = YES;
				CLANG_ENABLE_OBJC_ARC = YES;
				CLANG_ENABLE_OBJC_WEAK = YES;
				CLANG_WARN_BLOCK_CAPTURE_AUTORELEASING = YES;
				CLANG_WARN_BOOL_CONVERSION = YES;
				CLANG_WARN_COMMA = YES;
				CLANG_WARN_CONSTANT_CONVERSION = YES;
				CLANG_WARN_DEPRECATED_OBJC_IMPLEMENTATIONS = YES;
				CLANG_WARN_DIRECT_OBJC_ISA_USAGE = YES_ERROR;
				CLANG_WARN_DOCUMENTATION_COMMENTS = YES;
				CLANG_WARN_EMPTY_BODY = YES;
				CLANG_WARN_ENUM_CONVERSION = YES;
				CLANG_WARN_INFINITE_RECURSION = YES;
				CLANG_WARN_INT_CONVERSION = YES;
				CLANG_WARN_NON_LITERAL_NULL_CONVERSION = YES;
				CLANG_WARN_OBJC_IMPLICIT_RETAIN_SELF = YES;
				CLANG_WARN_OBJC_LITERAL_CONVERSION = YES;
				CLANG_WARN_OBJC_ROOT_CLASS = YES_ERROR;
				CLANG_WARN_QUOTED_INCLUDE_IN_FRAMEWORK_HEADER = YES;
				CLANG_WARN_RANGE_LOOP_ANALYSIS = YES;
				CLANG_WARN_STRICT_PROTOTYPES = YES;
				CLANG_WARN_SUSPICIOUS_MOVE = YES;
				CLANG_WARN_UNGUARDED_AVAILABILITY = YES_AGGRESSIVE;
				CLANG_WARN_UNREACHABLE_CODE = YES;
				CLANG_WARN__DUPLICATE_METHOD_MATCH = YES;
				COPY_PHASE_STRIP = NO;
				DEBUG_INFORMATION_FORMAT = dwarf;
				ENABLE_STRICT_OBJC_MSGSEND = YES;
				ENABLE_TESTABILITY = YES;
				GCC_C_LANGUAGE_STANDARD = gnu11;
				GCC_DYNAMIC_NO_PIC = NO;
				GCC_NO_COMMON_BLOCKS = YES;
				GCC_OPTIMIZATION_LEVEL = 0;
				GCC_PREPROCESSOR_DEFINITIONS = (
					"DEBUG=1",
					"$(inherited)",
				);
				GCC_WARN_64_TO_32_BIT_CONVERSION = YES;
				GCC_WARN_ABOUT_RETURN_TYPE = YES_ERROR;
				GCC_WARN_UNDECLARED_SELECTOR = YES;
				GCC_WARN_UNINITIALIZED_AUTOS = YES_AGGRESSIVE;
				GCC_WARN_UNUSED_FUNCTION = YES;
				GCC_WARN_UNUSED_VARIABLE = YES;
				IPHONEOS_DEPLOYMENT_TARGET = 16.2;
				MTL_ENABLE_DEBUG_INFO = INCLUDE_SOURCE;
				MTL_FAST_MATH = YES;
				ONLY_ACTIVE_ARCH = YES;
				SDKROOT = iphoneos;
				SWIFT_ACTIVE_COMPILATION_CONDITIONS = DEBUG;
				SWIFT_OPTIMIZATION_LEVEL = "-Onone";
			};
			name = Debug;
		};
		107E32F529CA076A0059F22B /* Release */ = {
			isa = XCBuildConfiguration;
			buildSettings = {
				ALWAYS_SEARCH_USER_PATHS = NO;
				CLANG_ANALYZER_NONNULL = YES;
				CLANG_ANALYZER_NUMBER_OBJECT_CONVERSION = YES_AGGRESSIVE;
				CLANG_CXX_LANGUAGE_STANDARD = "gnu++20";
				CLANG_ENABLE_MODULES = YES;
				CLANG_ENABLE_OBJC_ARC = YES;
				CLANG_ENABLE_OBJC_WEAK = YES;
				CLANG_WARN_BLOCK_CAPTURE_AUTORELEASING = YES;
				CLANG_WARN_BOOL_CONVERSION = YES;
				CLANG_WARN_COMMA = YES;
				CLANG_WARN_CONSTANT_CONVERSION = YES;
				CLANG_WARN_DEPRECATED_OBJC_IMPLEMENTATIONS = YES;
				CLANG_WARN_DIRECT_OBJC_ISA_USAGE = YES_ERROR;
				CLANG_WARN_DOCUMENTATION_COMMENTS = YES;
				CLANG_WARN_EMPTY_BODY = YES;
				CLANG_WARN_ENUM_CONVERSION = YES;
				CLANG_WARN_INFINITE_RECURSION = YES;
				CLANG_WARN_INT_CONVERSION = YES;
				CLANG_WARN_NON_LITERAL_NULL_CONVERSION = YES;
				CLANG_WARN_OBJC_IMPLICIT_RETAIN_SELF = YES;
				CLANG_WARN_OBJC_LITERAL_CONVERSION = YES;
				CLANG_WARN_OBJC_ROOT_CLASS = YES_ERROR;
				CLANG_WARN_QUOTED_INCLUDE_IN_FRAMEWORK_HEADER = YES;
				CLANG_WARN_RANGE_LOOP_ANALYSIS = YES;
				CLANG_WARN_STRICT_PROTOTYPES = YES;
				CLANG_WARN_SUSPICIOUS_MOVE = YES;
				CLANG_WARN_UNGUARDED_AVAILABILITY = YES_AGGRESSIVE;
				CLANG_WARN_UNREACHABLE_CODE = YES;
				CLANG_WARN__DUPLICATE_METHOD_MATCH = YES;
				COPY_PHASE_STRIP = NO;
				DEBUG_INFORMATION_FORMAT = "dwarf-with-dsym";
				ENABLE_NS_ASSERTIONS = NO;
				ENABLE_STRICT_OBJC_MSGSEND = YES;
				GCC_C_LANGUAGE_STANDARD = gnu11;
				GCC_NO_COMMON_BLOCKS = YES;
				GCC_WARN_64_TO_32_BIT_CONVERSION = YES;
				GCC_WARN_ABOUT_RETURN_TYPE = YES_ERROR;
				GCC_WARN_UNDECLARED_SELECTOR = YES;
				GCC_WARN_UNINITIALIZED_AUTOS = YES_AGGRESSIVE;
				GCC_WARN_UNUSED_FUNCTION = YES;
				GCC_WARN_UNUSED_VARIABLE = YES;
				IPHONEOS_DEPLOYMENT_TARGET = 16.2;
				MTL_ENABLE_DEBUG_INFO = NO;
				MTL_FAST_MATH = YES;
				SDKROOT = iphoneos;
				SWIFT_COMPILATION_MODE = wholemodule;
				SWIFT_OPTIMIZATION_LEVEL = "-O";
				VALIDATE_PRODUCT = YES;
			};
			name = Release;
		};
		107E32F729CA076A0059F22B /* Debug */ = {
			isa = XCBuildConfiguration;
			buildSettings = {
				ASSETCATALOG_COMPILER_APPICON_NAME = AppIcon;
				ASSETCATALOG_COMPILER_GLOBAL_ACCENT_COLOR_NAME = AccentColor;
				CODE_SIGN_STYLE = Automatic;
				CURRENT_PROJECT_VERSION = 1;
				DEVELOPMENT_ASSET_PATHS = "\"app/Preview Content\"";
				DEVELOPMENT_TEAM = 4QL9TPHMX5;
				ENABLE_PREVIEWS = YES;
				GENERATE_INFOPLIST_FILE = YES;
				INFOPLIST_KEY_CFBundleDisplayName = "Pokeday's";
				INFOPLIST_KEY_LSApplicationCategoryType = "public.app-category.games";
				INFOPLIST_KEY_UIApplicationSceneManifest_Generation = YES;
				INFOPLIST_KEY_UIApplicationSupportsIndirectInputEvents = YES;
				INFOPLIST_KEY_UILaunchScreen_Generation = YES;
				INFOPLIST_KEY_UISupportedInterfaceOrientations_iPad = "UIInterfaceOrientationPortrait UIInterfaceOrientationPortraitUpsideDown UIInterfaceOrientationLandscapeLeft UIInterfaceOrientationLandscapeRight";
				INFOPLIST_KEY_UISupportedInterfaceOrientations_iPhone = "UIInterfaceOrientationPortrait UIInterfaceOrientationLandscapeLeft UIInterfaceOrientationLandscapeRight";
				IPHONEOS_DEPLOYMENT_TARGET = 16.0;
				LD_RUNPATH_SEARCH_PATHS = (
					"$(inherited)",
					"@executable_path/Frameworks",
				);
				MARKETING_VERSION = 1.0;
				PRODUCT_BUNDLE_IDENTIFIER = com.zixyos.pokeday;
				PRODUCT_NAME = "$(TARGET_NAME)";
				SWIFT_EMIT_LOC_STRINGS = YES;
				SWIFT_VERSION = 5.0;
				TARGETED_DEVICE_FAMILY = "1,2";
			};
			name = Debug;
		};
		107E32F829CA076A0059F22B /* Release */ = {
			isa = XCBuildConfiguration;
			buildSettings = {
				ASSETCATALOG_COMPILER_APPICON_NAME = AppIcon;
				ASSETCATALOG_COMPILER_GLOBAL_ACCENT_COLOR_NAME = AccentColor;
				CODE_SIGN_STYLE = Automatic;
				CURRENT_PROJECT_VERSION = 1;
				DEVELOPMENT_ASSET_PATHS = "\"app/Preview Content\"";
				DEVELOPMENT_TEAM = 4QL9TPHMX5;
				ENABLE_PREVIEWS = YES;
				GENERATE_INFOPLIST_FILE = YES;
				INFOPLIST_KEY_CFBundleDisplayName = "Pokeday's";
				INFOPLIST_KEY_LSApplicationCategoryType = "public.app-category.games";
				INFOPLIST_KEY_UIApplicationSceneManifest_Generation = YES;
				INFOPLIST_KEY_UIApplicationSupportsIndirectInputEvents = YES;
				INFOPLIST_KEY_UILaunchScreen_Generation = YES;
				INFOPLIST_KEY_UISupportedInterfaceOrientations_iPad = "UIInterfaceOrientationPortrait UIInterfaceOrientationPortraitUpsideDown UIInterfaceOrientationLandscapeLeft UIInterfaceOrientationLandscapeRight";
				INFOPLIST_KEY_UISupportedInterfaceOrientations_iPhone = "UIInterfaceOrientationPortrait UIInterfaceOrientationLandscapeLeft UIInterfaceOrientationLandscapeRight";
				IPHONEOS_DEPLOYMENT_TARGET = 16.0;
				LD_RUNPATH_SEARCH_PATHS = (
					"$(inherited)",
					"@executable_path/Frameworks",
				);
				MARKETING_VERSION = 1.0;
				PRODUCT_BUNDLE_IDENTIFIER = com.zixyos.pokeday;
				PRODUCT_NAME = "$(TARGET_NAME)";
				SWIFT_EMIT_LOC_STRINGS = YES;
				SWIFT_VERSION = 5.0;
				TARGETED_DEVICE_FAMILY = "1,2";
			};
			name = Release;
		};
/* End XCBuildConfiguration section */

/* Begin XCConfigurationList section */
		107E32E329CA07680059F22B /* Build configuration list for PBXProject "pokeday" */ = {
			isa = XCConfigurationList;
			buildConfigurations = (
				107E32F429CA076A0059F22B /* Debug */,
				107E32F529CA076A0059F22B /* Release */,
			);
			defaultConfigurationIsVisible = 0;
			defaultConfigurationName = Release;
		};
		107E32F629CA076A0059F22B /* Build configuration list for PBXNativeTarget "pokeday" */ = {
			isa = XCConfigurationList;
			buildConfigurations = (
				107E32F729CA076A0059F22B /* Debug */,
				107E32F829CA076A0059F22B /* Release */,
			);
			defaultConfigurationIsVisible = 0;
			defaultConfigurationName = Release;
		};
/* End XCConfigurationList section */

/* Begin XCRemoteSwiftPackageReference section */
		104DF15E29CC87B700D97446 /* XCRemoteSwiftPackageReference "Kingfisher" */ = {
			isa = XCRemoteSwiftPackageReference;
			repositoryURL = "https://github.com/onevcat/Kingfisher";
			requirement = {
				kind = upToNextMajorVersion;
				minimumVersion = 7.0.0;
			};
		};
		10A8B27B2A03A4DB009E41E8 /* XCRemoteSwiftPackageReference "firebase-ios-sdk" */ = {
			isa = XCRemoteSwiftPackageReference;
			repositoryURL = "https://github.com/firebase/firebase-ios-sdk";
			requirement = {
				kind = upToNextMajorVersion;
				minimumVersion = 9.0.0;
			};
		};
/* End XCRemoteSwiftPackageReference section */

/* Begin XCSwiftPackageProductDependency section */
		10A8B27C2A03A4DB009E41E8 /* FirebaseAuth */ = {
			isa = XCSwiftPackageProductDependency;
			package = 10A8B27B2A03A4DB009E41E8 /* XCRemoteSwiftPackageReference "firebase-ios-sdk" */;
			productName = FirebaseAuth;
		};
		10A8B27E2A03A4DB009E41E8 /* FirebaseFirestore */ = {
			isa = XCSwiftPackageProductDependency;
			package = 10A8B27B2A03A4DB009E41E8 /* XCRemoteSwiftPackageReference "firebase-ios-sdk" */;
			productName = FirebaseFirestore;
		};
		10A8B2802A03A4DB009E41E8 /* FirebaseFirestoreSwift */ = {
			isa = XCSwiftPackageProductDependency;
			package = 10A8B27B2A03A4DB009E41E8 /* XCRemoteSwiftPackageReference "firebase-ios-sdk" */;
			productName = FirebaseFirestoreSwift;
		};
/* End XCSwiftPackageProductDependency section */

/* Begin XCVersionGroup section */
		1026E84729D5489200B271FD /* AppModel.xcdatamodeld */ = {
			isa = XCVersionGroup;
			children = (
				1026E84829D5489200B271FD /* AppModel.xcdatamodel */,
			);
			currentVersion = 1026E84829D5489200B271FD /* AppModel.xcdatamodel */;
			path = AppModel.xcdatamodeld;
			sourceTree = "<group>";
			versionGroupType = wrapper.xcdatamodel;
		};
/* End XCVersionGroup section */
	};
	rootObject = 107E32E029CA07680059F22B /* Project object */;
}
